
Microsoft Visual Studio Solution File, Format Version 12.00
# Visual Studio Version 17
VisualStudioVersion = 17.0.31919.166
MinimumVisualStudioVersion = 10.0.40219.1
Project("{FAE04EC0-301F-11D3-BF4B-00C04F79EFBC}") = "ConsoleAppExplicitOperator", "ConsoleAppExplicitOperator.csproj", "{9A138AD4-0F11-46E1-B1B9-9DEE7DB40A01}"
EndProject
Global
	GlobalSection(SolutionConfigurationPlatforms) = preSolution
		Debug|Any CPU = Debug|Any CPU
		Release|Any CPU = Release|Any CPU
	EndGlobalSection
	GlobalSection(ProjectConfigurationPlatforms) = postSolution
		{9A138AD4-0F11-46E1-B1B9-9DEE7DB40A01}.Debug|Any CPU.ActiveCfg = Debug|Any CPU
		{9A138AD4-0F11-46E1-B1B9-9DEE7DB40A01}.Debug|Any CPU.Build.0 = Debug|Any CPU
		{9A138AD4-0F11-46E1-B1B9-9DEE7DB40A01}.Release|Any CPU.ActiveCfg = Release|Any CPU
		{9A138AD4-0F11-46E1-B1B9-9DEE7DB40A01}.Release|Any CPU.Build.0 = Release|Any CPU
	EndGlobalSection
	GlobalSection(SolutionProperties) = preSolution
		HideSolutionNode = FALSE
	EndGlobalSection
	GlobalSection(ExtensibilityGlobals) = postSolution
		SolutionGuid = {0210D066-47CB-4B60-A4AB-EBBD713878F9}
	EndGlobalSection
EndGlobal
